
Microsoft Visual Studio Solution File, Format Version 12.00
# Visual Studio Version 17
VisualStudioVersion = 17.5.002.0
MinimumVisualStudioVersion = 10.0.40219.1
Project("{9A19103F-16F7-4668-BE54-9A1E7A4F7556}") = "Azure-Repo", "Azure-Repo.csproj", "{53EF4F1F-4522-4DFA-81A3-3C4E1391C4AE}"
EndProject
Global
	GlobalSection(SolutionConfigurationPlatforms) = preSolution
		Debug|Any CPU = Debug|Any CPU
		Release|Any CPU = Release|Any CPU
	EndGlobalSection
	GlobalSection(ProjectConfigurationPlatforms) = postSolution
		{53EF4F1F-4522-4DFA-81A3-3C4E1391C4AE}.Debug|Any CPU.ActiveCfg = Debug|Any CPU
		{53EF4F1F-4522-4DFA-81A3-3C4E1391C4AE}.Debug|Any CPU.Build.0 = Debug|Any CPU
		{53EF4F1F-4522-4DFA-81A3-3C4E1391C4AE}.Release|Any CPU.ActiveCfg = Release|Any CPU
		{53EF4F1F-4522-4DFA-81A3-3C4E1391C4AE}.Release|Any CPU.Build.0 = Release|Any CPU
	EndGlobalSection
	GlobalSection(SolutionProperties) = preSolution
		HideSolutionNode = FALSE
	EndGlobalSection
	GlobalSection(ExtensibilityGlobals) = postSolution
		SolutionGuid = {78DF3CE8-74AE-43A9-91BC-943121A1FFE2}
	EndGlobalSection
EndGlobal
